# This file is autogenerated, do not edit; changes may be undone by the next 'dep ensure'.


[[projects]]
  branch = "master"
  name = "github.com/bitrise-io/go-utils"
  packages = ["colorstring","command","command/rubycommand","errorutil","fileutil","log","pathutil","retry"]
  revision = "4ea9c35054b7f8cce3940bf73b5dcd395e9c9226"

[[projects]]
  branch = "master"
  name = "github.com/bitrise-tools/go-steputils"
  packages = ["input"]
  revision = "a848c9870ff7d745a8fb2a951e1c81fcb147b4ec"

[[projects]]
  branch = "master"
  name = "github.com/kballard/go-shellquote"
  packages = ["."]
  revision = "cd60e84ee657ff3dc51de0b4f55dd299a3e136f2"

[solve-meta]
  analyzer-name = "dep"
  analyzer-version = 1
  inputs-digest = "1ae962ae56a5f9f5cd70db71f3bd50c3ab5771e09404be0a54278ef82aa5da5e"
  solver-name = "gps-cdcl"
  solver-version = 1
