# This file is autogenerated, do not edit; changes may be undone by the next 'dep ensure'.


[[projects]]
  branch = "master"
  digest = "1:ba6694e16cc02ad534ba0e2443323379159c978bbba876b01a7286c326cafeb8"
  name = "github.com/bitrise-io/go-steputils"
  packages = [
    "stepconf",
    "tools",
  ]
  pruneopts = "UT"
  revision = "94490ca44ddb645764676a94988f6fc7e3187383"

[[projects]]
  branch = "TOOL-2331-prerelese-gem-support"
  digest = "1:fb3f1a0a052a6a0fc54a6f2e1253fde4c25a87b56d297c56cc70937ec3fc762c"
  name = "github.com/bitrise-io/go-utils"
  packages = [
    "colorstring",
    "command",
    "command/gems",
    "command/rubycommand",
    "errorutil",
    "fileutil",
    "log",
    "parseutil",
    "pathutil",
    "pointers",
    "retry",
  ]
  pruneopts = "UT"
  revision = "0700c31b53765154d24a61d1c8a73d638fd1d57f"

[[projects]]
  branch = "master"
  digest = "1:400e113a367b511b9b09ca642ee11d9885485a93838526d697033af334a2fdde"
  name = "github.com/kballard/go-shellquote"
  packages = ["."]
  pruneopts = "UT"
  revision = "95032a82bc518f77982ea72343cc1ade730072f0"

[solve-meta]
  analyzer-name = "dep"
  analyzer-version = 1
  input-imports = [
    "github.com/bitrise-io/go-steputils/stepconf",
    "github.com/bitrise-io/go-steputils/tools",
    "github.com/bitrise-io/go-utils/command",
    "github.com/bitrise-io/go-utils/command/gems",
    "github.com/bitrise-io/go-utils/command/rubycommand",
    "github.com/bitrise-io/go-utils/fileutil",
    "github.com/bitrise-io/go-utils/log",
    "github.com/bitrise-io/go-utils/pathutil",
    "github.com/bitrise-io/go-utils/retry",
    "github.com/kballard/go-shellquote",
  ]
  solver-name = "gps-cdcl"
  solver-version = 1
